<?xml version="1.0" encoding="utf-8"?>
<Project ToolsVersion="4.0" xmlns="http://schemas.microsoft.com/developer/msbuild/2003">
  <ItemGroup>
    <Filter Include="소스 파일">
      <UniqueIdentifier>{4FC737F1-C7A5-4376-A066-2A32D752A2FF}</UniqueIdentifier>
      <Extensions>cpp;c;cc;cxx;def;odl;idl;hpj;bat;asm;asmx</Extensions>
    </Filter>
    <Filter Include="헤더 파일">
      <UniqueIdentifier>{93995380-89BD-4b04-88EB-625FBE52EBFB}</UniqueIdentifier>
      <Extensions>h;hh;hpp;hxx;hm;inl;inc;xsd</Extensions>
    </Filter>
    <Filter Include="리소스 파일">
      <UniqueIdentifier>{67DA6AB6-F800-4c08-8B7A-83BB121AAD01}</UniqueIdentifier>
      <Extensions>rc;ico;cur;bmp;dlg;rc2;rct;bin;rgs;gif;jpg;jpeg;jpe;resx;tiff;tif;png;wav;mfcribbon-ms</Extensions>
    </Filter>
    <Filter Include="Manager">
      <UniqueIdentifier>{409bcad0-a3f8-419d-949c-ef031f58a689}</UniqueIdentifier>
    </Filter>
  </ItemGroup>
  <ItemGroup>
    <ClCompile Include="..\..\..\..\Desktop\teamProject\action.cpp">
      <Filter>리소스 파일</Filter>
    </ClCompile>
    <ClCompile Include="..\..\..\..\Desktop\teamProject\animation.cpp">
      <Filter>리소스 파일</Filter>
    </ClCompile>
    <ClCompile Include="..\..\..\..\Desktop\teamProject\collision.cpp">
      <Filter>리소스 파일</Filter>
    </ClCompile>
    <ClCompile Include="..\..\..\..\Desktop\teamProject\database.cpp">
      <Filter>리소스 파일</Filter>
    </ClCompile>
    <ClCompile Include="..\..\..\..\Desktop\teamProject\effect.cpp">
      <Filter>리소스 파일</Filter>
    </ClCompile>
    <ClCompile Include="..\..\..\..\Desktop\teamProject\effectManager.cpp">
      <Filter>리소스 파일</Filter>
    </ClCompile>
    <ClCompile Include="..\..\..\..\Desktop\teamProject\gameNode.cpp">
      <Filter>리소스 파일</Filter>
    </ClCompile>
    <ClCompile Include="..\..\..\..\Desktop\teamProject\image.cpp">
      <Filter>리소스 파일</Filter>
    </ClCompile>
    <ClCompile Include="..\..\..\..\Desktop\teamProject\imageManager.cpp">
      <Filter>리소스 파일</Filter>
    </ClCompile>
    <ClCompile Include="..\..\..\..\Desktop\teamProject\iniDataManager.cpp">
      <Filter>리소스 파일</Filter>
    </ClCompile>
    <ClCompile Include="..\..\..\..\Desktop\teamProject\keyAniManager.cpp">
      <Filter>리소스 파일</Filter>
    </ClCompile>
    <ClCompile Include="..\..\..\..\Desktop\teamProject\keyManager.cpp">
      <Filter>리소스 파일</Filter>
    </ClCompile>
    <ClCompile Include="..\..\..\..\Desktop\teamProject\mainGame.cpp">
      <Filter>리소스 파일</Filter>
    </ClCompile>
    <ClCompile Include="..\..\..\..\Desktop\teamProject\sceneManager.cpp">
      <Filter>리소스 파일</Filter>
    </ClCompile>
    <ClCompile Include="..\..\..\..\Desktop\teamProject\selectScene.cpp">
      <Filter>리소스 파일</Filter>
    </ClCompile>
    <ClCompile Include="..\..\..\..\Desktop\teamProject\soundManager.cpp">
      <Filter>리소스 파일</Filter>
    </ClCompile>
    <ClCompile Include="..\..\..\..\Desktop\teamProject\space.cpp">
      <Filter>리소스 파일</Filter>
    </ClCompile>
    <ClCompile Include="..\..\..\..\Desktop\teamProject\stdafx.cpp">
      <Filter>리소스 파일</Filter>
    </ClCompile>
    <ClCompile Include="..\..\..\..\Desktop\teamProject\timeManager.cpp">
      <Filter>리소스 파일</Filter>
    </ClCompile>
    <ClCompile Include="..\..\..\..\Desktop\teamProject\timer.cpp">
      <Filter>리소스 파일</Filter>
    </ClCompile>
    <ClCompile Include="..\..\..\..\Desktop\teamProject\txtData.cpp">
      <Filter>리소스 파일</Filter>
    </ClCompile>
    <ClCompile Include="..\..\..\..\Desktop\teamProject\utils.cpp">
      <Filter>리소스 파일</Filter>
    </ClCompile>
    <ClCompile Include="..\..\..\..\Desktop\teamProject\winMain.cpp">
      <Filter>리소스 파일</Filter>
    </ClCompile>
    <ClCompile Include="..\..\..\..\Desktop\teamProject\zOrderManager.cpp">
      <Filter>리소스 파일</Filter>
    </ClCompile>
  </ItemGroup>
  <ItemGroup>
    <ClInclude Include="..\..\..\..\Desktop\teamProject\action.h">
      <Filter>리소스 파일</Filter>
    </ClInclude>
    <ClInclude Include="..\..\..\..\Desktop\teamProject\animation.h">
      <Filter>리소스 파일</Filter>
    </ClInclude>
    <ClInclude Include="..\..\..\..\Desktop\teamProject\collision.h">
      <Filter>리소스 파일</Filter>
    </ClInclude>
    <ClInclude Include="..\..\..\..\Desktop\teamProject\commonMacroFunction.h">
      <Filter>리소스 파일</Filter>
    </ClInclude>
    <ClInclude Include="..\..\..\..\Desktop\teamProject\database.h">
      <Filter>리소스 파일</Filter>
    </ClInclude>
    <ClInclude Include="..\..\..\..\Desktop\teamProject\effect.h">
      <Filter>리소스 파일</Filter>
    </ClInclude>
    <ClInclude Include="..\..\..\..\Desktop\teamProject\effectManager.h">
      <Filter>리소스 파일</Filter>
    </ClInclude>
    <ClInclude Include="..\..\..\..\Desktop\teamProject\gameNode.h">
      <Filter>리소스 파일</Filter>
    </ClInclude>
    <ClInclude Include="..\..\..\..\Desktop\teamProject\image.h">
      <Filter>리소스 파일</Filter>
    </ClInclude>
    <ClInclude Include="..\..\..\..\Desktop\teamProject\imageManager.h">
      <Filter>리소스 파일</Filter>
    </ClInclude>
    <ClInclude Include="..\..\..\..\Desktop\teamProject\iniDataManager.h">
      <Filter>리소스 파일</Filter>
    </ClInclude>
    <ClInclude Include="..\..\..\..\Desktop\teamProject\keyAniManager.h">
      <Filter>리소스 파일</Filter>
    </ClInclude>
    <ClInclude Include="..\..\..\..\Desktop\teamProject\keyManager.h">
      <Filter>리소스 파일</Filter>
    </ClInclude>
    <ClInclude Include="..\..\..\..\Desktop\teamProject\mainGame.h">
      <Filter>리소스 파일</Filter>
    </ClInclude>
    <ClInclude Include="..\..\..\..\Desktop\teamProject\randomFunction.h">
      <Filter>리소스 파일</Filter>
    </ClInclude>
    <ClInclude Include="..\..\..\..\Desktop\teamProject\Resource.h">
      <Filter>리소스 파일</Filter>
    </ClInclude>
    <ClInclude Include="..\..\..\..\Desktop\teamProject\sceneManager.h">
      <Filter>리소스 파일</Filter>
    </ClInclude>
    <ClInclude Include="..\..\..\..\Desktop\teamProject\selectScene.h">
      <Filter>리소스 파일</Filter>
    </ClInclude>
    <ClInclude Include="..\..\..\..\Desktop\teamProject\singletonBase.h">
      <Filter>리소스 파일</Filter>
    </ClInclude>
    <ClInclude Include="..\..\..\..\Desktop\teamProject\soundManager.h">
      <Filter>리소스 파일</Filter>
    </ClInclude>
    <ClInclude Include="..\..\..\..\Desktop\teamProject\space.h">
      <Filter>리소스 파일</Filter>
    </ClInclude>
    <ClInclude Include="..\..\..\..\Desktop\teamProject\stdafx.h">
      <Filter>리소스 파일</Filter>
    </ClInclude>
    <ClInclude Include="..\..\..\..\Desktop\teamProject\targetver.h">
      <Filter>리소스 파일</Filter>
    </ClInclude>
    <ClInclude Include="..\..\..\..\Desktop\teamProject\timeManager.h">
      <Filter>리소스 파일</Filter>
    </ClInclude>
    <ClInclude Include="..\..\..\..\Desktop\teamProject\timer.h">
      <Filter>리소스 파일</Filter>
    </ClInclude>
    <ClInclude Include="..\..\..\..\Desktop\teamProject\txtData.h">
      <Filter>리소스 파일</Filter>
    </ClInclude>
    <ClInclude Include="..\..\..\..\Desktop\teamProject\utils.h">
      <Filter>리소스 파일</Filter>
    </ClInclude>
    <ClInclude Include="..\..\..\..\Desktop\teamProject\zOrderManager.h">
      <Filter>리소스 파일</Filter>
    </ClInclude>
  </ItemGroup>
  <ItemGroup>
    <Text Include="..\..\..\..\Desktop\teamProject\database.txt">
      <Filter>리소스 파일</Filter>
    </Text>
    <Text Include="..\..\..\..\Desktop\teamProject\HexaTeam.txt">
      <Filter>리소스 파일</Filter>
    </Text>
  </ItemGroup>
  <ItemGroup>
    <None Include="..\..\..\..\Desktop\teamProject\fmodex.dll">
      <Filter>리소스 파일</Filter>
    </None>
    <None Include="..\..\..\..\Desktop\teamProject\fmodexL.dll">
      <Filter>리소스 파일</Filter>
    </None>
    <None Include="..\..\..\..\Desktop\teamProject\HexaWindowsAPI.sln">
      <Filter>리소스 파일</Filter>
    </None>
    <None Include="..\..\..\..\Desktop\teamProject\HexaWindowsAPI.VC.db">
      <Filter>리소스 파일</Filter>
    </None>
    <None Include="..\..\..\..\Desktop\teamProject\HexaWindowsAPI.vcxproj">
      <Filter>리소스 파일</Filter>
    </None>
    <None Include="..\..\..\..\Desktop\teamProject\HexaWindowsAPI.vcxproj.filters">
      <Filter>리소스 파일</Filter>
    </None>
    <None Include="..\..\..\..\Desktop\teamProject\헥사반.ini">
      <Filter>리소스 파일</Filter>
    </None>
  </ItemGroup>
</Project>